
Microsoft Visual Studio Solution File, Format Version 12.00
Project("{2150E333-8FDC-42A3-9474-1A3956D46DE8}") = "ConcurrentProgrammingExercises", "ConcurrentProgrammingExercises", "{FE6E89DE-BBC9-4F6B-ADB5-5157270DA17D}"
EndProject
Project("{FAE04EC0-301F-11D3-BF4B-00C04F79EFBC}") = "ProductSumThreads", "ProductSumThreads\ProductSumThreads.csproj", "{4DA828CD-8AE6-42BD-BDEE-118BEDE6FE6C}"
EndProject
Project("{2150E333-8FDC-42A3-9474-1A3956D46DE8}") = "LINQ", "LINQ", "{082CBE36-CB04-480F-B734-BFD7A17D0981}"
EndProject
Project("{FAE04EC0-301F-11D3-BF4B-00C04F79EFBC}") = "QnakievExercisesLINQ", "QnakievExercisesLINQ\QnakievExercisesLINQ.csproj", "{ED5BB5E7-94C1-4E7C-A270-F6C33A3E24BB}"
EndProject
Project("{2150E333-8FDC-42A3-9474-1A3956D46DE8}") = "FuncProgramming", "FuncProgramming", "{C161A99E-4097-4D06-8AB4-3E27F370FEC6}"
EndProject
Project("{2150E333-8FDC-42A3-9474-1A3956D46DE8}") = "Lab", "Lab", "{966CC1C5-250C-4A6C-837E-4E4B3E533E6F}"
EndProject
Project("{2150E333-8FDC-42A3-9474-1A3956D46DE8}") = "Exercise", "Exercise", "{2B7229DF-035A-45E8-9D39-E446044AC8D7}"
EndProject
Project("{FAE04EC0-301F-11D3-BF4B-00C04F79EFBC}") = "SortEvenNumbers", "SortEvenNumbers\SortEvenNumbers.csproj", "{3D0155EC-AFFC-4866-A258-C64E8136B519}"
EndProject
Project("{FAE04EC0-301F-11D3-BF4B-00C04F79EFBC}") = "SumNumbers", "SumNumbers\SumNumbers.csproj", "{75A2EFAA-F5EC-48CA-9760-F0D547DDB442}"
EndProject
Project("{FAE04EC0-301F-11D3-BF4B-00C04F79EFBC}") = "CountUppercaseWords", "CountUppercaseWords\CountUppercaseWords.csproj", "{5EB12436-4240-41C9-B051-09D451F750EF}"
EndProject
Project("{FAE04EC0-301F-11D3-BF4B-00C04F79EFBC}") = "AddVat", "AddVat\AddVat.csproj", "{E7623C5A-9319-46EF-97C6-A8B88EAF521A}"
EndProject
Project("{FAE04EC0-301F-11D3-BF4B-00C04F79EFBC}") = "FilterByAge", "FilterByAge\FilterByAge.csproj", "{A9A471A4-4C42-43D0-A3BF-47679C556AAF}"
EndProject
Global
	GlobalSection(SolutionConfigurationPlatforms) = preSolution
		Debug|Any CPU = Debug|Any CPU
		Release|Any CPU = Release|Any CPU
	EndGlobalSection
	GlobalSection(NestedProjects) = preSolution
		{4DA828CD-8AE6-42BD-BDEE-118BEDE6FE6C} = {FE6E89DE-BBC9-4F6B-ADB5-5157270DA17D}
		{ED5BB5E7-94C1-4E7C-A270-F6C33A3E24BB} = {082CBE36-CB04-480F-B734-BFD7A17D0981}
		{966CC1C5-250C-4A6C-837E-4E4B3E533E6F} = {C161A99E-4097-4D06-8AB4-3E27F370FEC6}
		{2B7229DF-035A-45E8-9D39-E446044AC8D7} = {C161A99E-4097-4D06-8AB4-3E27F370FEC6}
		{3D0155EC-AFFC-4866-A258-C64E8136B519} = {966CC1C5-250C-4A6C-837E-4E4B3E533E6F}
		{75A2EFAA-F5EC-48CA-9760-F0D547DDB442} = {966CC1C5-250C-4A6C-837E-4E4B3E533E6F}
		{5EB12436-4240-41C9-B051-09D451F750EF} = {966CC1C5-250C-4A6C-837E-4E4B3E533E6F}
		{E7623C5A-9319-46EF-97C6-A8B88EAF521A} = {966CC1C5-250C-4A6C-837E-4E4B3E533E6F}
		{A9A471A4-4C42-43D0-A3BF-47679C556AAF} = {966CC1C5-250C-4A6C-837E-4E4B3E533E6F}
	EndGlobalSection
	GlobalSection(ProjectConfigurationPlatforms) = postSolution
		{4DA828CD-8AE6-42BD-BDEE-118BEDE6FE6C}.Debug|Any CPU.ActiveCfg = Debug|Any CPU
		{4DA828CD-8AE6-42BD-BDEE-118BEDE6FE6C}.Debug|Any CPU.Build.0 = Debug|Any CPU
		{4DA828CD-8AE6-42BD-BDEE-118BEDE6FE6C}.Release|Any CPU.ActiveCfg = Release|Any CPU
		{4DA828CD-8AE6-42BD-BDEE-118BEDE6FE6C}.Release|Any CPU.Build.0 = Release|Any CPU
		{ED5BB5E7-94C1-4E7C-A270-F6C33A3E24BB}.Debug|Any CPU.ActiveCfg = Debug|Any CPU
		{ED5BB5E7-94C1-4E7C-A270-F6C33A3E24BB}.Debug|Any CPU.Build.0 = Debug|Any CPU
		{ED5BB5E7-94C1-4E7C-A270-F6C33A3E24BB}.Release|Any CPU.ActiveCfg = Release|Any CPU
		{ED5BB5E7-94C1-4E7C-A270-F6C33A3E24BB}.Release|Any CPU.Build.0 = Release|Any CPU
		{3D0155EC-AFFC-4866-A258-C64E8136B519}.Debug|Any CPU.ActiveCfg = Debug|Any CPU
		{3D0155EC-AFFC-4866-A258-C64E8136B519}.Debug|Any CPU.Build.0 = Debug|Any CPU
		{3D0155EC-AFFC-4866-A258-C64E8136B519}.Release|Any CPU.ActiveCfg = Release|Any CPU
		{3D0155EC-AFFC-4866-A258-C64E8136B519}.Release|Any CPU.Build.0 = Release|Any CPU
		{75A2EFAA-F5EC-48CA-9760-F0D547DDB442}.Debug|Any CPU.ActiveCfg = Debug|Any CPU
		{75A2EFAA-F5EC-48CA-9760-F0D547DDB442}.Debug|Any CPU.Build.0 = Debug|Any CPU
		{75A2EFAA-F5EC-48CA-9760-F0D547DDB442}.Release|Any CPU.ActiveCfg = Release|Any CPU
		{75A2EFAA-F5EC-48CA-9760-F0D547DDB442}.Release|Any CPU.Build.0 = Release|Any CPU
		{5EB12436-4240-41C9-B051-09D451F750EF}.Debug|Any CPU.ActiveCfg = Debug|Any CPU
		{5EB12436-4240-41C9-B051-09D451F750EF}.Debug|Any CPU.Build.0 = Debug|Any CPU
		{5EB12436-4240-41C9-B051-09D451F750EF}.Release|Any CPU.ActiveCfg = Release|Any CPU
		{5EB12436-4240-41C9-B051-09D451F750EF}.Release|Any CPU.Build.0 = Release|Any CPU
		{E7623C5A-9319-46EF-97C6-A8B88EAF521A}.Debug|Any CPU.ActiveCfg = Debug|Any CPU
		{E7623C5A-9319-46EF-97C6-A8B88EAF521A}.Debug|Any CPU.Build.0 = Debug|Any CPU
		{E7623C5A-9319-46EF-97C6-A8B88EAF521A}.Release|Any CPU.ActiveCfg = Release|Any CPU
		{E7623C5A-9319-46EF-97C6-A8B88EAF521A}.Release|Any CPU.Build.0 = Release|Any CPU
		{A9A471A4-4C42-43D0-A3BF-47679C556AAF}.Debug|Any CPU.ActiveCfg = Debug|Any CPU
		{A9A471A4-4C42-43D0-A3BF-47679C556AAF}.Debug|Any CPU.Build.0 = Debug|Any CPU
		{A9A471A4-4C42-43D0-A3BF-47679C556AAF}.Release|Any CPU.ActiveCfg = Release|Any CPU
		{A9A471A4-4C42-43D0-A3BF-47679C556AAF}.Release|Any CPU.Build.0 = Release|Any CPU
	EndGlobalSection
EndGlobal
